PODS:
  - Ents (3.1.1)
  - LKVCKit (2.2):
    - Ents

DEPENDENCIES:
  - Ents (from `https://github.com/averello/Ents.git`)
  - LKVCKit (from `../`)

EXTERNAL SOURCES:
  Ents:
    :git: https://github.com/averello/Ents.git
  LKVCKit:
    :path: "../"

CHECKOUT OPTIONS:
  Ents:
    :commit: 2d6d8a352bc35be340a56929da21e4ed9cfe4ce6
    :git: https://github.com/averello/Ents.git

SPEC CHECKSUMS:
  Ents: 8c03f9a801f0677cd6b2f2e00e9ad03e0a195d84
  LKVCKit: 77d8b644f9ed1e174777ec94abdb4e4ffe8f9c3e

PODFILE CHECKSUM: f52e59dba986e169e6a3a8396234cea703e5c883

COCOAPODS: 1.5.3
